
Microsoft Visual Studio Solution File, Format Version 12.00
# Visual Studio Version 17
VisualStudioVersion = 17.5.33627.172
MinimumVisualStudioVersion = 10.0.40219.1
Project("{FAE04EC0-301F-11D3-BF4B-00C04F79EFBC}") = "Projeto4", "Projeto4\Projeto4.csproj", "{F60A022A-CE8B-4673-8D4A-C197D37AF9EB}"
EndProject
Global
	GlobalSection(SolutionConfigurationPlatforms) = preSolution
		Debug|Any CPU = Debug|Any CPU
		Release|Any CPU = Release|Any CPU
	EndGlobalSection
	GlobalSection(ProjectConfigurationPlatforms) = postSolution
		{F60A022A-CE8B-4673-8D4A-C197D37AF9EB}.Debug|Any CPU.ActiveCfg = Debug|Any CPU
		{F60A022A-CE8B-4673-8D4A-C197D37AF9EB}.Debug|Any CPU.Build.0 = Debug|Any CPU
		{F60A022A-CE8B-4673-8D4A-C197D37AF9EB}.Release|Any CPU.ActiveCfg = Release|Any CPU
		{F60A022A-CE8B-4673-8D4A-C197D37AF9EB}.Release|Any CPU.Build.0 = Release|Any CPU
	EndGlobalSection
	GlobalSection(SolutionProperties) = preSolution
		HideSolutionNode = FALSE
	EndGlobalSection
	GlobalSection(ExtensibilityGlobals) = postSolution
		SolutionGuid = {4E26013E-A643-4153-AF3A-279E88E1DEC3}
	EndGlobalSection
EndGlobal
