
Microsoft Visual Studio Solution File, Format Version 12.00
# Visual Studio Version 17
VisualStudioVersion = 17.5.33627.172
MinimumVisualStudioVersion = 10.0.40219.1
Project("{FAE04EC0-301F-11D3-BF4B-00C04F79EFBC}") = "Loops of Repetition", "Loops of Repetition\Loops of Repetition.csproj", "{F04AAB9F-EEC7-4DCC-98DF-0440CF87A409}"
EndProject
Global
	GlobalSection(SolutionConfigurationPlatforms) = preSolution
		Debug|Any CPU = Debug|Any CPU
		Release|Any CPU = Release|Any CPU
	EndGlobalSection
	GlobalSection(ProjectConfigurationPlatforms) = postSolution
		{F04AAB9F-EEC7-4DCC-98DF-0440CF87A409}.Debug|Any CPU.ActiveCfg = Debug|Any CPU
		{F04AAB9F-EEC7-4DCC-98DF-0440CF87A409}.Debug|Any CPU.Build.0 = Debug|Any CPU
		{F04AAB9F-EEC7-4DCC-98DF-0440CF87A409}.Release|Any CPU.ActiveCfg = Release|Any CPU
		{F04AAB9F-EEC7-4DCC-98DF-0440CF87A409}.Release|Any CPU.Build.0 = Release|Any CPU
	EndGlobalSection
	GlobalSection(SolutionProperties) = preSolution
		HideSolutionNode = FALSE
	EndGlobalSection
	GlobalSection(ExtensibilityGlobals) = postSolution
		SolutionGuid = {273C93B0-AF15-4753-9FF6-B3DD51F4665A}
	EndGlobalSection
EndGlobal
